
Microsoft Visual Studio Solution File, Format Version 12.00
# Visual Studio Version 16
VisualStudioVersion = 16.0.29509.3
MinimumVisualStudioVersion = 10.0.40219.1
Project("{8BC9CEB8-8B4A-11D0-8D11-00A0C91BC942}") = "ConsoleApplication1", "ConsoleApplication1\ConsoleApplication1.vcxproj", "{9990A69A-C19F-44AC-97EA-6FE11BE37D3B}"
EndProject
Global
	GlobalSection(SolutionConfigurationPlatforms) = preSolution
		Debug|x64 = Debug|x64
		Debug|x86 = Debug|x86
		Release|x64 = Release|x64
		Release|x86 = Release|x86
	EndGlobalSection
	GlobalSection(ProjectConfigurationPlatforms) = postSolution
		{9990A69A-C19F-44AC-97EA-6FE11BE37D3B}.Debug|x64.ActiveCfg = Debug|x64
		{9990A69A-C19F-44AC-97EA-6FE11BE37D3B}.Debug|x64.Build.0 = Debug|x64
		{9990A69A-C19F-44AC-97EA-6FE11BE37D3B}.Debug|x86.ActiveCfg = Debug|Win32
		{9990A69A-C19F-44AC-97EA-6FE11BE37D3B}.Debug|x86.Build.0 = Debug|Win32
		{9990A69A-C19F-44AC-97EA-6FE11BE37D3B}.Release|x64.ActiveCfg = Release|x64
		{9990A69A-C19F-44AC-97EA-6FE11BE37D3B}.Release|x64.Build.0 = Release|x64
		{9990A69A-C19F-44AC-97EA-6FE11BE37D3B}.Release|x86.ActiveCfg = Release|Win32
		{9990A69A-C19F-44AC-97EA-6FE11BE37D3B}.Release|x86.Build.0 = Release|Win32
	EndGlobalSection
	GlobalSection(SolutionProperties) = preSolution
		HideSolutionNode = FALSE
	EndGlobalSection
	GlobalSection(ExtensibilityGlobals) = postSolution
		SolutionGuid = {F3C0D650-09BA-4D32-88D1-D2B02E046B2C}
	EndGlobalSection
EndGlobal
